
Microsoft Visual Studio Solution File, Format Version 10.00
# Visual Studio 2008
Project("{FAE04EC0-301F-11D3-BF4B-00C04F79EFBC}") = "Mammoth", "mammoth\Mammoth.csproj", "{78CEE2B0-9278-4CC0-8085-3506F109ABB3}"
	ProjectSection(ProjectDependencies) = postProject
		{E80FCA0E-78EC-44C5-B375-894050EEE6CB} = {E80FCA0E-78EC-44C5-B375-894050EEE6CB}
	EndProjectSection
EndProject
Project("{FAE04EC0-301F-11D3-BF4B-00C04F79EFBC}") = "Engine", "Engine\Engine.csproj", "{E80FCA0E-78EC-44C5-B375-894050EEE6CB}"
EndProject
Project("{54435603-DBB4-11D2-8724-00A0C9A8B90C}") = "Installer", "Installer\Installer.vdproj", "{646F9B6A-179C-4FFC-9FB8-45CE144A38B3}"
EndProject
Global
	GlobalSection(SolutionConfigurationPlatforms) = preSolution
		Debug|Any CPU = Debug|Any CPU
		Debug|Mixed Platforms = Debug|Mixed Platforms
		Debug|x86 = Debug|x86
		PhysX Debug|Any CPU = PhysX Debug|Any CPU
		PhysX Debug|Mixed Platforms = PhysX Debug|Mixed Platforms
		PhysX Debug|x86 = PhysX Debug|x86
		Release|Any CPU = Release|Any CPU
		Release|Mixed Platforms = Release|Mixed Platforms
		Release|x86 = Release|x86
		Server|Any CPU = Server|Any CPU
		Server|Mixed Platforms = Server|Mixed Platforms
		Server|x86 = Server|x86
	EndGlobalSection
	GlobalSection(ProjectConfigurationPlatforms) = postSolution
		{78CEE2B0-9278-4CC0-8085-3506F109ABB3}.Debug|Any CPU.ActiveCfg = Debug|x86
		{78CEE2B0-9278-4CC0-8085-3506F109ABB3}.Debug|Mixed Platforms.ActiveCfg = Debug|x86
		{78CEE2B0-9278-4CC0-8085-3506F109ABB3}.Debug|Mixed Platforms.Build.0 = Debug|x86
		{78CEE2B0-9278-4CC0-8085-3506F109ABB3}.Debug|x86.ActiveCfg = Debug|x86
		{78CEE2B0-9278-4CC0-8085-3506F109ABB3}.Debug|x86.Build.0 = Debug|x86
		{78CEE2B0-9278-4CC0-8085-3506F109ABB3}.PhysX Debug|Any CPU.ActiveCfg = PhysX Debug|x86
		{78CEE2B0-9278-4CC0-8085-3506F109ABB3}.PhysX Debug|Mixed Platforms.ActiveCfg = PhysX Debug|x86
		{78CEE2B0-9278-4CC0-8085-3506F109ABB3}.PhysX Debug|Mixed Platforms.Build.0 = PhysX Debug|x86
		{78CEE2B0-9278-4CC0-8085-3506F109ABB3}.PhysX Debug|x86.ActiveCfg = PhysX Debug|x86
		{78CEE2B0-9278-4CC0-8085-3506F109ABB3}.PhysX Debug|x86.Build.0 = PhysX Debug|x86
		{78CEE2B0-9278-4CC0-8085-3506F109ABB3}.Release|Any CPU.ActiveCfg = Release|x86
		{78CEE2B0-9278-4CC0-8085-3506F109ABB3}.Release|Mixed Platforms.ActiveCfg = Release|x86
		{78CEE2B0-9278-4CC0-8085-3506F109ABB3}.Release|Mixed Platforms.Build.0 = Release|x86
		{78CEE2B0-9278-4CC0-8085-3506F109ABB3}.Release|x86.ActiveCfg = Release|x86
		{78CEE2B0-9278-4CC0-8085-3506F109ABB3}.Release|x86.Build.0 = Release|x86
		{78CEE2B0-9278-4CC0-8085-3506F109ABB3}.Server|Any CPU.ActiveCfg = PhysX Debug|x86
		{78CEE2B0-9278-4CC0-8085-3506F109ABB3}.Server|Mixed Platforms.ActiveCfg = PhysX Debug|x86
		{78CEE2B0-9278-4CC0-8085-3506F109ABB3}.Server|Mixed Platforms.Build.0 = PhysX Debug|x86
		{78CEE2B0-9278-4CC0-8085-3506F109ABB3}.Server|x86.ActiveCfg = PhysX Debug|x86
		{78CEE2B0-9278-4CC0-8085-3506F109ABB3}.Server|x86.Build.0 = PhysX Debug|x86
		{E80FCA0E-78EC-44C5-B375-894050EEE6CB}.Debug|Any CPU.ActiveCfg = Debug|Any CPU
		{E80FCA0E-78EC-44C5-B375-894050EEE6CB}.Debug|Any CPU.Build.0 = Debug|Any CPU
		{E80FCA0E-78EC-44C5-B375-894050EEE6CB}.Debug|Mixed Platforms.ActiveCfg = Debug|Any CPU
		{E80FCA0E-78EC-44C5-B375-894050EEE6CB}.Debug|Mixed Platforms.Build.0 = Debug|Any CPU
		{E80FCA0E-78EC-44C5-B375-894050EEE6CB}.Debug|x86.ActiveCfg = Debug|Any CPU
		{E80FCA0E-78EC-44C5-B375-894050EEE6CB}.Debug|x86.Build.0 = Debug|Any CPU
		{E80FCA0E-78EC-44C5-B375-894050EEE6CB}.PhysX Debug|Any CPU.ActiveCfg = PhysX Debug|Any CPU
		{E80FCA0E-78EC-44C5-B375-894050EEE6CB}.PhysX Debug|Any CPU.Build.0 = PhysX Debug|Any CPU
		{E80FCA0E-78EC-44C5-B375-894050EEE6CB}.PhysX Debug|Mixed Platforms.ActiveCfg = PhysX Debug|Any CPU
		{E80FCA0E-78EC-44C5-B375-894050EEE6CB}.PhysX Debug|Mixed Platforms.Build.0 = PhysX Debug|Any CPU
		{E80FCA0E-78EC-44C5-B375-894050EEE6CB}.PhysX Debug|x86.ActiveCfg = PhysX Debug|Any CPU
		{E80FCA0E-78EC-44C5-B375-894050EEE6CB}.PhysX Debug|x86.Build.0 = PhysX Debug|Any CPU
		{E80FCA0E-78EC-44C5-B375-894050EEE6CB}.Release|Any CPU.ActiveCfg = Release|Any CPU
		{E80FCA0E-78EC-44C5-B375-894050EEE6CB}.Release|Any CPU.Build.0 = Release|Any CPU
		{E80FCA0E-78EC-44C5-B375-894050EEE6CB}.Release|Mixed Platforms.ActiveCfg = Release|Any CPU
		{E80FCA0E-78EC-44C5-B375-894050EEE6CB}.Release|Mixed Platforms.Build.0 = Release|Any CPU
		{E80FCA0E-78EC-44C5-B375-894050EEE6CB}.Release|x86.ActiveCfg = Release|Any CPU
		{E80FCA0E-78EC-44C5-B375-894050EEE6CB}.Release|x86.Build.0 = Release|Any CPU
		{E80FCA0E-78EC-44C5-B375-894050EEE6CB}.Server|Any CPU.ActiveCfg = PhysX Debug|Any CPU
		{E80FCA0E-78EC-44C5-B375-894050EEE6CB}.Server|Any CPU.Build.0 = PhysX Debug|Any CPU
		{E80FCA0E-78EC-44C5-B375-894050EEE6CB}.Server|Mixed Platforms.ActiveCfg = PhysX Debug|Any CPU
		{E80FCA0E-78EC-44C5-B375-894050EEE6CB}.Server|Mixed Platforms.Build.0 = PhysX Debug|Any CPU
		{E80FCA0E-78EC-44C5-B375-894050EEE6CB}.Server|x86.ActiveCfg = PhysX Debug|Any CPU
		{646F9B6A-179C-4FFC-9FB8-45CE144A38B3}.Debug|Any CPU.ActiveCfg = Debug
		{646F9B6A-179C-4FFC-9FB8-45CE144A38B3}.Debug|Mixed Platforms.ActiveCfg = Debug
		{646F9B6A-179C-4FFC-9FB8-45CE144A38B3}.Debug|x86.ActiveCfg = Debug
		{646F9B6A-179C-4FFC-9FB8-45CE144A38B3}.PhysX Debug|Any CPU.ActiveCfg = Debug
		{646F9B6A-179C-4FFC-9FB8-45CE144A38B3}.PhysX Debug|Mixed Platforms.ActiveCfg = Debug
		{646F9B6A-179C-4FFC-9FB8-45CE144A38B3}.PhysX Debug|x86.ActiveCfg = Debug
		{646F9B6A-179C-4FFC-9FB8-45CE144A38B3}.Release|Any CPU.ActiveCfg = Release
		{646F9B6A-179C-4FFC-9FB8-45CE144A38B3}.Release|Mixed Platforms.ActiveCfg = Release
		{646F9B6A-179C-4FFC-9FB8-45CE144A38B3}.Release|x86.ActiveCfg = Release
		{646F9B6A-179C-4FFC-9FB8-45CE144A38B3}.Server|Any CPU.ActiveCfg = Release
		{646F9B6A-179C-4FFC-9FB8-45CE144A38B3}.Server|Any CPU.Build.0 = Release
		{646F9B6A-179C-4FFC-9FB8-45CE144A38B3}.Server|Mixed Platforms.ActiveCfg = Release
		{646F9B6A-179C-4FFC-9FB8-45CE144A38B3}.Server|Mixed Platforms.Build.0 = Release
		{646F9B6A-179C-4FFC-9FB8-45CE144A38B3}.Server|x86.ActiveCfg = Release
		{646F9B6A-179C-4FFC-9FB8-45CE144A38B3}.Server|x86.Build.0 = Release
		{FB90E2DB-F368-411D-BE14-CC0CC045CEBA}.Debug|Any CPU.ActiveCfg = Debug|x86
		{FB90E2DB-F368-411D-BE14-CC0CC045CEBA}.Debug|Mixed Platforms.ActiveCfg = Debug|x86
		{FB90E2DB-F368-411D-BE14-CC0CC045CEBA}.Debug|x86.ActiveCfg = Debug|x86
		{FB90E2DB-F368-411D-BE14-CC0CC045CEBA}.PhysX Debug|Any CPU.ActiveCfg = PhysX Debug|x86
		{FB90E2DB-F368-411D-BE14-CC0CC045CEBA}.PhysX Debug|Mixed Platforms.ActiveCfg = PhysX Debug|x86
		{FB90E2DB-F368-411D-BE14-CC0CC045CEBA}.PhysX Debug|x86.ActiveCfg = PhysX Debug|x86
		{FB90E2DB-F368-411D-BE14-CC0CC045CEBA}.Release|Any CPU.ActiveCfg = Release|x86
		{FB90E2DB-F368-411D-BE14-CC0CC045CEBA}.Release|Mixed Platforms.ActiveCfg = Release|x86
		{FB90E2DB-F368-411D-BE14-CC0CC045CEBA}.Release|x86.ActiveCfg = Release|x86
		{FB90E2DB-F368-411D-BE14-CC0CC045CEBA}.Server|Any CPU.ActiveCfg = PhysX Debug|x86
		{FB90E2DB-F368-411D-BE14-CC0CC045CEBA}.Server|Mixed Platforms.ActiveCfg = PhysX Debug|x86
		{FB90E2DB-F368-411D-BE14-CC0CC045CEBA}.Server|x86.ActiveCfg = PhysX Debug|x86
	EndGlobalSection
	GlobalSection(SolutionProperties) = preSolution
		HideSolutionNode = FALSE
	EndGlobalSection
EndGlobal
